
Microsoft Visual Studio Solution File, Format Version 12.00
# Visual Studio Version 16
VisualStudioVersion = 16.0.30503.244
MinimumVisualStudioVersion = 10.0.40219.1
Project("{9A19103F-16F7-4668-BE54-9A1E7A4F7556}") = "MyFirstAPI", "MyFirstAPI.csproj", "{FC2C49CA-E13C-4DBC-8008-0D264FAB8958}"
EndProject
Global
	GlobalSection(SolutionConfigurationPlatforms) = preSolution
		Debug|Any CPU = Debug|Any CPU
		Release|Any CPU = Release|Any CPU
	EndGlobalSection
	GlobalSection(ProjectConfigurationPlatforms) = postSolution
		{FC2C49CA-E13C-4DBC-8008-0D264FAB8958}.Debug|Any CPU.ActiveCfg = Debug|Any CPU
		{FC2C49CA-E13C-4DBC-8008-0D264FAB8958}.Debug|Any CPU.Build.0 = Debug|Any CPU
		{FC2C49CA-E13C-4DBC-8008-0D264FAB8958}.Release|Any CPU.ActiveCfg = Release|Any CPU
		{FC2C49CA-E13C-4DBC-8008-0D264FAB8958}.Release|Any CPU.Build.0 = Release|Any CPU
	EndGlobalSection
	GlobalSection(SolutionProperties) = preSolution
		HideSolutionNode = FALSE
	EndGlobalSection
	GlobalSection(ExtensibilityGlobals) = postSolution
		SolutionGuid = {C778BBC8-0161-43AB-958C-167B14D45B45}
	EndGlobalSection
EndGlobal
